
Microsoft Visual Studio Solution File, Format Version 12.00
# Visual Studio 15
Project("{FAE04EC0-301F-11D3-BF4B-00C04F79EFBC}") = "calculator_dotnet_mvc", "calculator_dotnet_mvc\calculator_dotnet_mvc.csproj", "{F5987E24-4C5C-4CAE-9A94-4D5168507CBB}"
EndProject
Project("{FAE04EC0-301F-11D3-BF4B-00C04F79EFBC}") = "calculator_dotnet_mvc.Tests", "calculator_dotnet_mvc.Tests\calculator_dotnet_mvc.Tests.csproj", "{3A2A6746-40A1-4130-A898-54FCC8046E69}"
EndProject
Global
	GlobalSection(SolutionConfigurationPlatforms) = preSolution
		Debug|Any CPU = Debug|Any CPU
		Release|Any CPU = Release|Any CPU
	EndGlobalSection
	GlobalSection(ProjectConfigurationPlatforms) = postSolution
		{F5987E24-4C5C-4CAE-9A94-4D5168507CBB}.Debug|Any CPU.ActiveCfg = Debug|Any CPU
		{F5987E24-4C5C-4CAE-9A94-4D5168507CBB}.Debug|Any CPU.Build.0 = Debug|Any CPU
		{F5987E24-4C5C-4CAE-9A94-4D5168507CBB}.Release|Any CPU.ActiveCfg = Release|Any CPU
		{F5987E24-4C5C-4CAE-9A94-4D5168507CBB}.Release|Any CPU.Build.0 = Release|Any CPU
		{3A2A6746-40A1-4130-A898-54FCC8046E69}.Debug|Any CPU.ActiveCfg = Debug|Any CPU
		{3A2A6746-40A1-4130-A898-54FCC8046E69}.Debug|Any CPU.Build.0 = Debug|Any CPU
		{3A2A6746-40A1-4130-A898-54FCC8046E69}.Release|Any CPU.ActiveCfg = Release|Any CPU
		{3A2A6746-40A1-4130-A898-54FCC8046E69}.Release|Any CPU.Build.0 = Release|Any CPU
	EndGlobalSection
EndGlobal
